[root]
name = "seax"
version = "0.0.1"
dependencies = [
 "docopt 0.6.44 (registry+https://github.com/rust-lang/crates.io-index)",
 "regex 0.1.17 (registry+https://github.com/rust-lang/crates.io-index)",
 "rustc-serialize 0.3.1 (registry+https://github.com/rust-lang/crates.io-index)",
 "seax_scheme 0.0.1",
 "seax_svm 0.0.1",
]

[[package]]
name = "docopt"
version = "0.6.44"
source = "registry+https://github.com/rust-lang/crates.io-index"
dependencies = [
 "libc 0.1.2 (registry+https://github.com/rust-lang/crates.io-index)",
 "regex 0.1.17 (registry+https://github.com/rust-lang/crates.io-index)",
 "rustc-serialize 0.3.1 (registry+https://github.com/rust-lang/crates.io-index)",
]

[[package]]
name = "libc"
version = "0.1.2"
source = "registry+https://github.com/rust-lang/crates.io-index"

[[package]]
name = "regex"
version = "0.1.17"
source = "registry+https://github.com/rust-lang/crates.io-index"

[[package]]
name = "rustc-serialize"
version = "0.3.1"
source = "registry+https://github.com/rust-lang/crates.io-index"

[[package]]
name = "seax_scheme"
version = "0.0.1"

[[package]]
name = "seax_svm"
version = "0.0.1"

