[root]
name = "seax"
version = "0.0.1"
dependencies = [
 "docopt 0.6.30 (registry+https://github.com/rust-lang/crates.io-index)",
 "rustc-serialize 0.2.8 (registry+https://github.com/rust-lang/crates.io-index)",
 "seax-scheme 0.0.1",
 "seax-svm 0.0.1",
]

[[package]]
name = "docopt"
version = "0.6.30"
source = "registry+https://github.com/rust-lang/crates.io-index"
dependencies = [
 "regex 0.1.10 (registry+https://github.com/rust-lang/crates.io-index)",
 "rustc-serialize 0.2.8 (registry+https://github.com/rust-lang/crates.io-index)",
]

[[package]]
name = "regex"
version = "0.1.10"
source = "registry+https://github.com/rust-lang/crates.io-index"

[[package]]
name = "rustc-serialize"
version = "0.2.8"
source = "registry+https://github.com/rust-lang/crates.io-index"

[[package]]
name = "seax-scheme"
version = "0.0.1"

[[package]]
name = "seax-svm"
version = "0.0.1"

